
Microsoft Visual Studio Solution File, Format Version 12.00
# Visual Studio Version 17
VisualStudioVersion = 17.9.34728.123
MinimumVisualStudioVersion = 10.0.40219.1
Project("{FAE04EC0-301F-11D3-BF4B-00C04F79EFBC}") = "WhisperNotes", "WhisperNotes\WhisperNotes.csproj", "{B74337F2-6C50-4A01-ABA8-4CCAC2F0A548}"
EndProject
Global
	GlobalSection(SolutionConfigurationPlatforms) = preSolution
		Debug|Any CPU = Debug|Any CPU
		Release|Any CPU = Release|Any CPU
	EndGlobalSection
	GlobalSection(ProjectConfigurationPlatforms) = postSolution
		{B74337F2-6C50-4A01-ABA8-4CCAC2F0A548}.Debug|Any CPU.ActiveCfg = Debug|Any CPU
		{B74337F2-6C50-4A01-ABA8-4CCAC2F0A548}.Debug|Any CPU.Build.0 = Debug|Any CPU
		{B74337F2-6C50-4A01-ABA8-4CCAC2F0A548}.Release|Any CPU.ActiveCfg = Release|Any CPU
		{B74337F2-6C50-4A01-ABA8-4CCAC2F0A548}.Release|Any CPU.Build.0 = Release|Any CPU
	EndGlobalSection
	GlobalSection(SolutionProperties) = preSolution
		HideSolutionNode = FALSE
	EndGlobalSection
	GlobalSection(ExtensibilityGlobals) = postSolution
		SolutionGuid = {837B4803-0835-441C-BBB0-57C4C60A4FE3}
	EndGlobalSection
EndGlobal
